
Microsoft Visual Studio Solution File, Format Version 12.00
# Visual Studio Version 17
VisualStudioVersion = 17.8.34525.116
MinimumVisualStudioVersion = 10.0.40219.1
Project("{FAE04EC0-301F-11D3-BF4B-00C04F79EFBC}") = "Ejercicio1", "Ejercicio1\Ejercicio1.csproj", "{3AC72448-24AC-456F-A63C-273B5B9EA468}"
EndProject
Project("{FAE04EC0-301F-11D3-BF4B-00C04F79EFBC}") = "ComercioLib", "ComercioLib\ComercioLib.csproj", "{5C01B39D-32C4-4A0A-9E6A-B8BE27108542}"
EndProject
Global
	GlobalSection(SolutionConfigurationPlatforms) = preSolution
		Debug|Any CPU = Debug|Any CPU
		Release|Any CPU = Release|Any CPU
	EndGlobalSection
	GlobalSection(ProjectConfigurationPlatforms) = postSolution
		{3AC72448-24AC-456F-A63C-273B5B9EA468}.Debug|Any CPU.ActiveCfg = Debug|Any CPU
		{3AC72448-24AC-456F-A63C-273B5B9EA468}.Debug|Any CPU.Build.0 = Debug|Any CPU
		{3AC72448-24AC-456F-A63C-273B5B9EA468}.Release|Any CPU.ActiveCfg = Release|Any CPU
		{3AC72448-24AC-456F-A63C-273B5B9EA468}.Release|Any CPU.Build.0 = Release|Any CPU
		{5C01B39D-32C4-4A0A-9E6A-B8BE27108542}.Debug|Any CPU.ActiveCfg = Debug|Any CPU
		{5C01B39D-32C4-4A0A-9E6A-B8BE27108542}.Debug|Any CPU.Build.0 = Debug|Any CPU
		{5C01B39D-32C4-4A0A-9E6A-B8BE27108542}.Release|Any CPU.ActiveCfg = Release|Any CPU
		{5C01B39D-32C4-4A0A-9E6A-B8BE27108542}.Release|Any CPU.Build.0 = Release|Any CPU
	EndGlobalSection
	GlobalSection(SolutionProperties) = preSolution
		HideSolutionNode = FALSE
	EndGlobalSection
	GlobalSection(ExtensibilityGlobals) = postSolution
		SolutionGuid = {E80F50FC-28DE-4D5D-B33C-8C3A7EDD8D60}
	EndGlobalSection
EndGlobal
